
Microsoft Visual Studio Solution File, Format Version 12.00
# Visual Studio 14
VisualStudioVersion = 14.0.24720.0
MinimumVisualStudioVersion = 10.0.40219.1
Project("{FAE04EC0-301F-11D3-BF4B-00C04F79EFBC}") = "Ronin Nocturne", "Ronin Nocturne.csproj", "{ACE38CEE-7B1F-47CE-AA83-A71FE2949919}"
EndProject
Global
	GlobalSection(SolutionConfigurationPlatforms) = preSolution
		Debug|Any CPU = Debug|Any CPU
		Release|Any CPU = Release|Any CPU
	EndGlobalSection
	GlobalSection(ProjectConfigurationPlatforms) = postSolution
		{ACE38CEE-7B1F-47CE-AA83-A71FE2949919}.Debug|Any CPU.ActiveCfg = Debug|Any CPU
		{ACE38CEE-7B1F-47CE-AA83-A71FE2949919}.Debug|Any CPU.Build.0 = Debug|Any CPU
		{ACE38CEE-7B1F-47CE-AA83-A71FE2949919}.Release|Any CPU.ActiveCfg = Release|Any CPU
		{ACE38CEE-7B1F-47CE-AA83-A71FE2949919}.Release|Any CPU.Build.0 = Release|Any CPU
	EndGlobalSection
	GlobalSection(SolutionProperties) = preSolution
		HideSolutionNode = FALSE
	EndGlobalSection
EndGlobal
